
Microsoft Visual Studio Solution File, Format Version 12.00
# Visual Studio Version 17
VisualStudioVersion = 17.4.33110.190
MinimumVisualStudioVersion = 10.0.40219.1
Project("{9A19103F-16F7-4668-BE54-9A1E7A4F7556}") = "ServiceHeft.Server", "ServiceHeft.Server\ServiceHeft.Server.csproj", "{0AC57705-5447-4829-B3A7-D5D124F48D9A}"
EndProject
Project("{9A19103F-16F7-4668-BE54-9A1E7A4F7556}") = "ServiceHeft.Maintenance.Webservice", "ServiceHeft.Webservice\ServiceHeft.Maintenance.Webservice.csproj", "{2949FD52-F763-40B5-A96E-329D91EC1830}"
EndProject
Project("{9A19103F-16F7-4668-BE54-9A1E7A4F7556}") = "ServiceHeft.Persistence.EntityFramework", "..\ServiceHeft.Persistence.EntityFramework\ServiceHeft.Persistence.EntityFramework.csproj", "{05A41503-DCB7-41E4-9FAA-B57FEC7491EB}"
EndProject
Project("{9A19103F-16F7-4668-BE54-9A1E7A4F7556}") = "ServiceHeft.Maintenance.Contracts", "ServiceHeft.Maintenance.Contracts\ServiceHeft.Maintenance.Contracts.csproj", "{BBE81A69-9C1E-4B86-995F-578408B21A4F}"
EndProject
Project("{9A19103F-16F7-4668-BE54-9A1E7A4F7556}") = "ServiceHeft.Maintenance.Domain", "ServiceHeft.Maintenance.Domain\ServiceHeft.Maintenance.Domain.csproj", "{982B5945-6698-44B7-AEF6-071499FF37FA}"
EndProject
Global
	GlobalSection(SolutionConfigurationPlatforms) = preSolution
		Debug|Any CPU = Debug|Any CPU
		Release|Any CPU = Release|Any CPU
	EndGlobalSection
	GlobalSection(ProjectConfigurationPlatforms) = postSolution
		{0AC57705-5447-4829-B3A7-D5D124F48D9A}.Debug|Any CPU.ActiveCfg = Debug|Any CPU
		{0AC57705-5447-4829-B3A7-D5D124F48D9A}.Debug|Any CPU.Build.0 = Debug|Any CPU
		{0AC57705-5447-4829-B3A7-D5D124F48D9A}.Release|Any CPU.ActiveCfg = Release|Any CPU
		{0AC57705-5447-4829-B3A7-D5D124F48D9A}.Release|Any CPU.Build.0 = Release|Any CPU
		{2949FD52-F763-40B5-A96E-329D91EC1830}.Debug|Any CPU.ActiveCfg = Debug|Any CPU
		{2949FD52-F763-40B5-A96E-329D91EC1830}.Debug|Any CPU.Build.0 = Debug|Any CPU
		{2949FD52-F763-40B5-A96E-329D91EC1830}.Release|Any CPU.ActiveCfg = Release|Any CPU
		{2949FD52-F763-40B5-A96E-329D91EC1830}.Release|Any CPU.Build.0 = Release|Any CPU
		{05A41503-DCB7-41E4-9FAA-B57FEC7491EB}.Debug|Any CPU.ActiveCfg = Debug|Any CPU
		{05A41503-DCB7-41E4-9FAA-B57FEC7491EB}.Debug|Any CPU.Build.0 = Debug|Any CPU
		{05A41503-DCB7-41E4-9FAA-B57FEC7491EB}.Release|Any CPU.ActiveCfg = Release|Any CPU
		{05A41503-DCB7-41E4-9FAA-B57FEC7491EB}.Release|Any CPU.Build.0 = Release|Any CPU
		{BBE81A69-9C1E-4B86-995F-578408B21A4F}.Debug|Any CPU.ActiveCfg = Debug|Any CPU
		{BBE81A69-9C1E-4B86-995F-578408B21A4F}.Debug|Any CPU.Build.0 = Debug|Any CPU
		{BBE81A69-9C1E-4B86-995F-578408B21A4F}.Release|Any CPU.ActiveCfg = Release|Any CPU
		{BBE81A69-9C1E-4B86-995F-578408B21A4F}.Release|Any CPU.Build.0 = Release|Any CPU
		{982B5945-6698-44B7-AEF6-071499FF37FA}.Debug|Any CPU.ActiveCfg = Debug|Any CPU
		{982B5945-6698-44B7-AEF6-071499FF37FA}.Debug|Any CPU.Build.0 = Debug|Any CPU
		{982B5945-6698-44B7-AEF6-071499FF37FA}.Release|Any CPU.ActiveCfg = Release|Any CPU
		{982B5945-6698-44B7-AEF6-071499FF37FA}.Release|Any CPU.Build.0 = Release|Any CPU
	EndGlobalSection
	GlobalSection(SolutionProperties) = preSolution
		HideSolutionNode = FALSE
	EndGlobalSection
	GlobalSection(ExtensibilityGlobals) = postSolution
		SolutionGuid = {550EDA95-9B49-48A5-BBE9-53BC585152CE}
	EndGlobalSection
EndGlobal
